// !$*UTF8*$!
{
	archiveVersion = 1;
	classes = {
	};
	objectVersion = 50;
	objects = {

/* Begin PBXBuildFile section */
		7EA0B31E21D6E33F0008BF38 /* AppDelegate.swift in Sources */ = {isa = PBXBuildFile; fileRef = 7EA0B31D21D6E33F0008BF38 /* AppDelegate.swift */; };
		7EA0B32021D6E33F0008BF38 /* ViewController.swift in Sources */ = {isa = PBXBuildFile; fileRef = 7EA0B31F21D6E33F0008BF38 /* ViewController.swift */; };
		7EA0B32321D6E33F0008BF38 /* Main.storyboard in Resources */ = {isa = PBXBuildFile; fileRef = 7EA0B32121D6E33F0008BF38 /* Main.storyboard */; };
		7EA0B32521D6E3400008BF38 /* Assets.xcassets in Resources */ = {isa = PBXBuildFile; fileRef = 7EA0B32421D6E3400008BF38 /* Assets.xcassets */; };
		7EA0B32821D6E3400008BF38 /* LaunchScreen.storyboard in Resources */ = {isa = PBXBuildFile; fileRef = 7EA0B32621D6E3400008BF38 /* LaunchScreen.storyboard */; };
		7EA0B33321D6E3400008BF38 /* TipCalculatorTests.swift in Sources */ = {isa = PBXBuildFile; fileRef = 7EA0B33221D6E3400008BF38 /* TipCalculatorTests.swift */; };
		7EA0B33E21D6E3400008BF38 /* TipCalculatorUITests.swift in Sources */ = {isa = PBXBuildFile; fileRef = 7EA0B33D21D6E3400008BF38 /* TipCalculatorUITests.swift */; };
/* End PBXBuildFile section */

/* Begin PBXContainerItemProxy section */
		7EA0B32F21D6E3400008BF38 /* PBXContainerItemProxy */ = {
			isa = PBXContainerItemProxy;
			containerPortal = 7EA0B31221D6E33F0008BF38 /* Project object */;
			proxyType = 1;
			remoteGlobalIDString = 7EA0B31921D6E33F0008BF38;
			remoteInfo = TipCalculator;
		};
		7EA0B33A21D6E3400008BF38 /* PBXContainerItemProxy */ = {
			isa = PBXContainerItemProxy;
			containerPortal = 7EA0B31221D6E33F0008BF38 /* Project object */;
			proxyType = 1;
			remoteGlobalIDString = 7EA0B31921D6E33F0008BF38;
			remoteInfo = TipCalculator;
		};
/* End PBXContainerItemProxy section */

/* Begin PBXFileReference section */
		7EA0B31A21D6E33F0008BF38 /* TipCalculator.app */ = {isa = PBXFileReference; explicitFileType = wrapper.application; includeInIndex = 0; path = TipCalculator.app; sourceTree = BUILT_PRODUCTS_DIR; };
		7EA0B31D21D6E33F0008BF38 /* AppDelegate.swift */ = {isa = PBXFileReference; lastKnownFileType = sourcecode.swift; path = AppDelegate.swift; sourceTree = "<group>"; };
		7EA0B31F21D6E33F0008BF38 /* ViewController.swift */ = {isa = PBXFileReference; lastKnownFileType = sourcecode.swift; path = ViewController.swift; sourceTree = "<group>"; };
		7EA0B32221D6E33F0008BF38 /* Base */ = {isa = PBXFileReference; lastKnownFileType = file.storyboard; name = Base; path = Base.lproj/Main.storyboard; sourceTree = "<group>"; };
		7EA0B32421D6E3400008BF38 /* Assets.xcassets */ = {isa = PBXFileReference; lastKnownFileType = folder.assetcatalog; path = Assets.xcassets; sourceTree = "<group>"; };
		7EA0B32721D6E3400008BF38 /* Base */ = {isa = PBXFileReference; lastKnownFileType = file.storyboard; name = Base; path = Base.lproj/LaunchScreen.storyboard; sourceTree = "<group>"; };
		7EA0B32921D6E3400008BF38 /* Info.plist */ = {isa = PBXFileReference; lastKnownFileType = text.plist.xml; path = Info.plist; sourceTree = "<group>"; };
		7EA0B32E21D6E3400008BF38 /* TipCalculatorTests.xctest */ = {isa = PBXFileReference; explicitFileType = wrapper.cfbundle; includeInIndex = 0; path = TipCalculatorTests.xctest; sourceTree = BUILT_PRODUCTS_DIR; };
		7EA0B33221D6E3400008BF38 /* TipCalculatorTests.swift */ = {isa = PBXFileReference; lastKnownFileType = sourcecode.swift; path = TipCalculatorTests.swift; sourceTree = "<group>"; };
		7EA0B33421D6E3400008BF38 /* Info.plist */ = {isa = PBXFileReference; lastKnownFileType = text.plist.xml; path = Info.plist; sourceTree = "<group>"; };
		7EA0B33921D6E3400008BF38 /* TipCalculatorUITests.xctest */ = {isa = PBXFileReference; explicitFileType = wrapper.cfbundle; includeInIndex = 0; path = TipCalculatorUITests.xctest; sourceTree = BUILT_PRODUCTS_DIR; };
		7EA0B33D21D6E3400008BF38 /* TipCalculatorUITests.swift */ = {isa = PBXFileReference; lastKnownFileType = sourcecode.swift; path = TipCalculatorUITests.swift; sourceTree = "<group>"; };
		7EA0B33F21D6E3400008BF38 /* Info.plist */ = {isa = PBXFileReference; lastKnownFileType = text.plist.xml; path = Info.plist; sourceTree = "<group>"; };
/* End PBXFileReference section */

/* Begin PBXFrameworksBuildPhase section */
		7EA0B31721D6E33F0008BF38 /* Frameworks */ = {
			isa = PBXFrameworksBuildPhase;
			buildActionMask = 2147483647;
			files = (
			);
			runOnlyForDeploymentPostprocessing = 0;
		};
		7EA0B32B21D6E3400008BF38 /* Frameworks */ = {
			isa = PBXFrameworksBuildPhase;
			buildActionMask = 2147483647;
			files = (
			);
			runOnlyForDeploymentPostprocessing = 0;
		};
		7EA0B33621D6E3400008BF38 /* Frameworks */ = {
			isa = PBXFrameworksBuildPhase;
			buildActionMask = 2147483647;
			files = (
			);
			runOnlyForDeploymentPostprocessing = 0;
		};
/* End PBXFrameworksBuildPhase section */

/* Begin PBXGroup section */
		7EA0B31121D6E33F0008BF38 = {
			isa = PBXGroup;
			children = (
				7EA0B31C21D6E33F0008BF38 /* TipCalculator */,
				7EA0B33121D6E3400008BF38 /* TipCalculatorTests */,
				7EA0B33C21D6E3400008BF38 /* TipCalculatorUITests */,
				7EA0B31B21D6E33F0008BF38 /* Products */,
			);
			sourceTree = "<group>";
		};
		7EA0B31B21D6E33F0008BF38 /* Products */ = {
			isa = PBXGroup;
			children = (
				7EA0B31A21D6E33F0008BF38 /* TipCalculator.app */,
				7EA0B32E21D6E3400008BF38 /* TipCalculatorTests.xctest */,
				7EA0B33921D6E3400008BF38 /* TipCalculatorUITests.xctest */,
			);
			name = Products;
			sourceTree = "<group>";
		};
		7EA0B31C21D6E33F0008BF38 /* TipCalculator */ = {
			isa = PBXGroup;
			children = (
				7EA0B31D21D6E33F0008BF38 /* AppDelegate.swift */,
				7EA0B31F21D6E33F0008BF38 /* ViewController.swift */,
				7EA0B32121D6E33F0008BF38 /* Main.storyboard */,
				7EA0B32421D6E3400008BF38 /* Assets.xcassets */,
				7EA0B32621D6E3400008BF38 /* LaunchScreen.storyboard */,
				7EA0B32921D6E3400008BF38 /* Info.plist */,
			);
			path = TipCalculator;
			sourceTree = "<group>";
		};
		7EA0B33121D6E3400008BF38 /* TipCalculatorTests */ = {
			isa = PBXGroup;
			children = (
				7EA0B33221D6E3400008BF38 /* TipCalculatorTests.swift */,
				7EA0B33421D6E3400008BF38 /* Info.plist */,
			);
			path = TipCalculatorTests;
			sourceTree = "<group>";
		};
		7EA0B33C21D6E3400008BF38 /* TipCalculatorUITests */ = {
			isa = PBXGroup;
			children = (
				7EA0B33D21D6E3400008BF38 /* TipCalculatorUITests.swift */,
				7EA0B33F21D6E3400008BF38 /* Info.plist */,
			);
			path = TipCalculatorUITests;
			sourceTree = "<group>";
		};
/* End PBXGroup section */

/* Begin PBXNativeTarget section */
		7EA0B31921D6E33F0008BF38 /* TipCalculator */ = {
			isa = PBXNativeTarget;
			buildConfigurationList = 7EA0B34221D6E3400008BF38 /* Build configuration list for PBXNativeTarget "TipCalculator" */;
			buildPhases = (
				7EA0B31621D6E33F0008BF38 /* Sources */,
				7EA0B31721D6E33F0008BF38 /* Frameworks */,
				7EA0B31821D6E33F0008BF38 /* Resources */,
			);
			buildRules = (
			);
			dependencies = (
			);
			name = TipCalculator;
			productName = TipCalculator;
			productReference = 7EA0B31A21D6E33F0008BF38 /* TipCalculator.app */;
			productType = "com.apple.product-type.application";
		};
		7EA0B32D21D6E3400008BF38 /* TipCalculatorTests */ = {
			isa = PBXNativeTarget;
			buildConfigurationList = 7EA0B34521D6E3400008BF38 /* Build configuration list for PBXNativeTarget "TipCalculatorTests" */;
			buildPhases = (
				7EA0B32A21D6E3400008BF38 /* Sources */,
				7EA0B32B21D6E3400008BF38 /* Frameworks */,
				7EA0B32C21D6E3400008BF38 /* Resources */,
			);
			buildRules = (
			);
			dependencies = (
				7EA0B33021D6E3400008BF38 /* PBXTargetDependency */,
			);
			name = TipCalculatorTests;
			productName = TipCalculatorTests;
			productReference = 7EA0B32E21D6E3400008BF38 /* TipCalculatorTests.xctest */;
			productType = "com.apple.product-type.bundle.unit-test";
		};
		7EA0B33821D6E3400008BF38 /* TipCalculatorUITests */ = {
			isa = PBXNativeTarget;
			buildConfigurationList = 7EA0B34821D6E3400008BF38 /* Build configuration list for PBXNativeTarget "TipCalculatorUITests" */;
			buildPhases = (
				7EA0B33521D6E3400008BF38 /* Sources */,
				7EA0B33621D6E3400008BF38 /* Frameworks */,
				7EA0B33721D6E3400008BF38 /* Resources */,
			);
			buildRules = (
			);
			dependencies = (
				7EA0B33B21D6E3400008BF38 /* PBXTargetDependency */,
			);
			name = TipCalculatorUITests;
			productName = TipCalculatorUITests;
			productReference = 7EA0B33921D6E3400008BF38 /* TipCalculatorUITests.xctest */;
			productType = "com.apple.product-type.bundle.ui-testing";
		};
/* End PBXNativeTarget section */

/* Begin PBXProject section */
		7EA0B31221D6E33F0008BF38 /* Project object */ = {
			isa = PBXProject;
			attributes = {
				LastSwiftUpdateCheck = 1010;
				LastUpgradeCheck = 1010;
				ORGANIZATIONNAME = "Angelo m.";
				TargetAttributes = {
					7EA0B31921D6E33F0008BF38 = {
						CreatedOnToolsVersion = 10.1;
					};
					7EA0B32D21D6E3400008BF38 = {
						CreatedOnToolsVersion = 10.1;
						TestTargetID = 7EA0B31921D6E33F0008BF38;
					};
					7EA0B33821D6E3400008BF38 = {
						CreatedOnToolsVersion = 10.1;
						TestTargetID = 7EA0B31921D6E33F0008BF38;
					};
				};
			};
			buildConfigurationList = 7EA0B31521D6E33F0008BF38 /* Build configuration list for PBXProject "TipCalculator" */;
			compatibilityVersion = "Xcode 9.3";
			developmentRegion = en;
			hasScannedForEncodings = 0;
			knownRegions = (
				en,
				Base,
			);
			mainGroup = 7EA0B31121D6E33F0008BF38;
			productRefGroup = 7EA0B31B21D6E33F0008BF38 /* Products */;
			projectDirPath = "";
			projectRoot = "";
			targets = (
				7EA0B31921D6E33F0008BF38 /* TipCalculator */,
				7EA0B32D21D6E3400008BF38 /* TipCalculatorTests */,
				7EA0B33821D6E3400008BF38 /* TipCalculatorUITests */,
			);
		};
/* End PBXProject section */

/* Begin PBXResourcesBuildPhase section */
		7EA0B31821D6E33F0008BF38 /* Resources */ = {
			isa = PBXResourcesBuildPhase;
			buildActionMask = 2147483647;
			files = (
				7EA0B32821D6E3400008BF38 /* LaunchScreen.storyboard in Resources */,
				7EA0B32521D6E3400008BF38 /* Assets.xcassets in Resources */,
				7EA0B32321D6E33F0008BF38 /* Main.storyboard in Resources */,
			);
			runOnlyForDeploymentPostprocessing = 0;
		};
		7EA0B32C21D6E3400008BF38 /* Resources */ = {
			isa = PBXResourcesBuildPhase;
			buildActionMask = 2147483647;
			files = (
			);
			runOnlyForDeploymentPostprocessing = 0;
		};
		7EA0B33721D6E3400008BF38 /* Resources */ = {
			isa = PBXResourcesBuildPhase;
			buildActionMask = 2147483647;
			files = (
			);
			runOnlyForDeploymentPostprocessing = 0;
		};
/* End PBXResourcesBuildPhase section */

/* Begin PBXSourcesBuildPhase section */
		7EA0B31621D6E33F0008BF38 /* Sources */ = {
			isa = PBXSourcesBuildPhase;
			buildActionMask = 2147483647;
			files = (
				7EA0B32021D6E33F0008BF38 /* ViewController.swift in Sources */,
				7EA0B31E21D6E33F0008BF38 /* AppDelegate.swift in Sources */,
			);
			runOnlyForDeploymentPostprocessing = 0;
		};
		7EA0B32A21D6E3400008BF38 /* Sources */ = {
			isa = PBXSourcesBuildPhase;
			buildActionMask = 2147483647;
			files = (
				7EA0B33321D6E3400008BF38 /* TipCalculatorTests.swift in Sources */,
			);
			runOnlyForDeploymentPostprocessing = 0;
		};
		7EA0B33521D6E3400008BF38 /* Sources */ = {
			isa = PBXSourcesBuildPhase;
			buildActionMask = 2147483647;
			files = (
				7EA0B33E21D6E3400008BF38 /* TipCalculatorUITests.swift in Sources */,
			);
			runOnlyForDeploymentPostprocessing = 0;
		};
/* End PBXSourcesBuildPhase section */

/* Begin PBXTargetDependency section */
		7EA0B33021D6E3400008BF38 /* PBXTargetDependency */ = {
			isa = PBXTargetDependency;
			target = 7EA0B31921D6E33F0008BF38 /* TipCalculator */;
			targetProxy = 7EA0B32F21D6E3400008BF38 /* PBXContainerItemProxy */;
		};
		7EA0B33B21D6E3400008BF38 /* PBXTargetDependency */ = {
			isa = PBXTargetDependency;
			target = 7EA0B31921D6E33F0008BF38 /* TipCalculator */;
			targetProxy = 7EA0B33A21D6E3400008BF38 /* PBXContainerItemProxy */;
		};
/* End PBXTargetDependency section */

/* Begin PBXVariantGroup section */
		7EA0B32121D6E33F0008BF38 /* Main.storyboard */ = {
			isa = PBXVariantGroup;
			children = (
				7EA0B32221D6E33F0008BF38 /* Base */,
			);
			name = Main.storyboard;
			sourceTree = "<group>";
		};
		7EA0B32621D6E3400008BF38 /* LaunchScreen.storyboard */ = {
			isa = PBXVariantGroup;
			children = (
				7EA0B32721D6E3400008BF38 /* Base */,
			);
			name = LaunchScreen.storyboard;
			sourceTree = "<group>";
		};
/* End PBXVariantGroup section */

/* Begin XCBuildConfiguration section */
		7EA0B34021D6E3400008BF38 /* Debug */ = {
			isa = XCBuildConfiguration;
			buildSettings = {
				ALWAYS_SEARCH_USER_PATHS = NO;
				CLANG_ANALYZER_NONNULL = YES;
				CLANG_ANALYZER_NUMBER_OBJECT_CONVERSION = YES_AGGRESSIVE;
				CLANG_CXX_LANGUAGE_STANDARD = "gnu++14";
				CLANG_CXX_LIBRARY = "libc++";
				CLANG_ENABLE_MODULES = YES;
				CLANG_ENABLE_OBJC_ARC = YES;
				CLANG_ENABLE_OBJC_WEAK = YES;
				CLANG_WARN_BLOCK_CAPTURE_AUTORELEASING = YES;
				CLANG_WARN_BOOL_CONVERSION = YES;
				CLANG_WARN_COMMA = YES;
				CLANG_WARN_CONSTANT_CONVERSION = YES;
				CLANG_WARN_DEPRECATED_OBJC_IMPLEMENTATIONS = YES;
				CLANG_WARN_DIRECT_OBJC_ISA_USAGE = YES_ERROR;
				CLANG_WARN_DOCUMENTATION_COMMENTS = YES;
				CLANG_WARN_EMPTY_BODY = YES;
				CLANG_WARN_ENUM_CONVERSION = YES;
				CLANG_WARN_INFINITE_RECURSION = YES;
				CLANG_WARN_INT_CONVERSION = YES;
				CLANG_WARN_NON_LITERAL_NULL_CONVERSION = YES;
				CLANG_WARN_OBJC_IMPLICIT_RETAIN_SELF = YES;
				CLANG_WARN_OBJC_LITERAL_CONVERSION = YES;
				CLANG_WARN_OBJC_ROOT_CLASS = YES_ERROR;
				CLANG_WARN_RANGE_LOOP_ANALYSIS = YES;
				CLANG_WARN_STRICT_PROTOTYPES = YES;
				CLANG_WARN_SUSPICIOUS_MOVE = YES;
				CLANG_WARN_UNGUARDED_AVAILABILITY = YES_AGGRESSIVE;
				CLANG_WARN_UNREACHABLE_CODE = YES;
				CLANG_WARN__DUPLICATE_METHOD_MATCH = YES;
				CODE_SIGN_IDENTITY = "iPhone Developer";
				COPY_PHASE_STRIP = NO;
				DEBUG_INFORMATION_FORMAT = dwarf;
				ENABLE_STRICT_OBJC_MSGSEND = YES;
				ENABLE_TESTABILITY = YES;
				GCC_C_LANGUAGE_STANDARD = gnu11;
				GCC_DYNAMIC_NO_PIC = NO;
				GCC_NO_COMMON_BLOCKS = YES;
				GCC_OPTIMIZATION_LEVEL = 0;
				GCC_PREPROCESSOR_DEFINITIONS = (
					"DEBUG=1",
					"$(inherited)",
				);
				GCC_WARN_64_TO_32_BIT_CONVERSION = YES;
				GCC_WARN_ABOUT_RETURN_TYPE = YES_ERROR;
				GCC_WARN_UNDECLARED_SELECTOR = YES;
				GCC_WARN_UNINITIALIZED_AUTOS = YES_AGGRESSIVE;
				GCC_WARN_UNUSED_FUNCTION = YES;
				GCC_WARN_UNUSED_VARIABLE = YES;
				IPHONEOS_DEPLOYMENT_TARGET = 12.1;
				MTL_ENABLE_DEBUG_INFO = INCLUDE_SOURCE;
				MTL_FAST_MATH = YES;
				ONLY_ACTIVE_ARCH = YES;
				SDKROOT = iphoneos;
				SWIFT_ACTIVE_COMPILATION_CONDITIONS = DEBUG;
				SWIFT_OPTIMIZATION_LEVEL = "-Onone";
			};
			name = Debug;
		};
		7EA0B34121D6E3400008BF38 /* Release */ = {
			isa = XCBuildConfiguration;
			buildSettings = {
				ALWAYS_SEARCH_USER_PATHS = NO;
				CLANG_ANALYZER_NONNULL = YES;
				CLANG_ANALYZER_NUMBER_OBJECT_CONVERSION = YES_AGGRESSIVE;
				CLANG_CXX_LANGUAGE_STANDARD = "gnu++14";
				CLANG_CXX_LIBRARY = "libc++";
				CLANG_ENABLE_MODULES = YES;
				CLANG_ENABLE_OBJC_ARC = YES;
				CLANG_ENABLE_OBJC_WEAK = YES;
				CLANG_WARN_BLOCK_CAPTURE_AUTORELEASING = YES;
				CLANG_WARN_BOOL_CONVERSION = YES;
				CLANG_WARN_COMMA = YES;
				CLANG_WARN_CONSTANT_CONVERSION = YES;
				CLANG_WARN_DEPRECATED_OBJC_IMPLEMENTATIONS = YES;
				CLANG_WARN_DIRECT_OBJC_ISA_USAGE = YES_ERROR;
				CLANG_WARN_DOCUMENTATION_COMMENTS = YES;
				CLANG_WARN_EMPTY_BODY = YES;
				CLANG_WARN_ENUM_CONVERSION = YES;
				CLANG_WARN_INFINITE_RECURSION = YES;
				CLANG_WARN_INT_CONVERSION = YES;
				CLANG_WARN_NON_LITERAL_NULL_CONVERSION = YES;
				CLANG_WARN_OBJC_IMPLICIT_RETAIN_SELF = YES;
				CLANG_WARN_OBJC_LITERAL_CONVERSION = YES;
				CLANG_WARN_OBJC_ROOT_CLASS = YES_ERROR;
				CLANG_WARN_RANGE_LOOP_ANALYSIS = YES;
				CLANG_WARN_STRICT_PROTOTYPES = YES;
				CLANG_WARN_SUSPICIOUS_MOVE = YES;
				CLANG_WARN_UNGUARDED_AVAILABILITY = YES_AGGRESSIVE;
				CLANG_WARN_UNREACHABLE_CODE = YES;
				CLANG_WARN__DUPLICATE_METHOD_MATCH = YES;
				CODE_SIGN_IDENTITY = "iPhone Developer";
				COPY_PHASE_STRIP = NO;
				DEBUG_INFORMATION_FORMAT = "dwarf-with-dsym";
				ENABLE_NS_ASSERTIONS = NO;
				ENABLE_STRICT_OBJC_MSGSEND = YES;
				GCC_C_LANGUAGE_STANDARD = gnu11;
				GCC_NO_COMMON_BLOCKS = YES;
				GCC_WARN_64_TO_32_BIT_CONVERSION = YES;
				GCC_WARN_ABOUT_RETURN_TYPE = YES_ERROR;
				GCC_WARN_UNDECLARED_SELECTOR = YES;
				GCC_WARN_UNINITIALIZED_AUTOS = YES_AGGRESSIVE;
				GCC_WARN_UNUSED_FUNCTION = YES;
				GCC_WARN_UNUSED_VARIABLE = YES;
				IPHONEOS_DEPLOYMENT_TARGET = 12.1;
				MTL_ENABLE_DEBUG_INFO = NO;
				MTL_FAST_MATH = YES;
				SDKROOT = iphoneos;
				SWIFT_COMPILATION_MODE = wholemodule;
				SWIFT_OPTIMIZATION_LEVEL = "-O";
				VALIDATE_PRODUCT = YES;
			};
			name = Release;
		};
		7EA0B34321D6E3400008BF38 /* Debug */ = {
			isa = XCBuildConfiguration;
			buildSettings = {
				ASSETCATALOG_COMPILER_APPICON_NAME = AppIcon;
				CODE_SIGN_STYLE = Automatic;
				INFOPLIST_FILE = TipCalculator/Info.plist;
				LD_RUNPATH_SEARCH_PATHS = (
					"$(inherited)",
					"@executable_path/Frameworks",
				);
				PRODUCT_BUNDLE_IDENTIFIER = com.codepath.TipCalculator;
				PRODUCT_NAME = "$(TARGET_NAME)";
				SWIFT_VERSION = 4.2;
				TARGETED_DEVICE_FAMILY = "1,2";
			};
			name = Debug;
		};
		7EA0B34421D6E3400008BF38 /* Release */ = {
			isa = XCBuildConfiguration;
			buildSettings = {
				ASSETCATALOG_COMPILER_APPICON_NAME = AppIcon;
				CODE_SIGN_STYLE = Automatic;
				INFOPLIST_FILE = TipCalculator/Info.plist;
				LD_RUNPATH_SEARCH_PATHS = (
					"$(inherited)",
					"@executable_path/Frameworks",
				);
				PRODUCT_BUNDLE_IDENTIFIER = com.codepath.TipCalculator;
				PRODUCT_NAME = "$(TARGET_NAME)";
				SWIFT_VERSION = 4.2;
				TARGETED_DEVICE_FAMILY = "1,2";
			};
			name = Release;
		};
		7EA0B34621D6E3400008BF38 /* Debug */ = {
			isa = XCBuildConfiguration;
			buildSettings = {
				ALWAYS_EMBED_SWIFT_STANDARD_LIBRARIES = YES;
				BUNDLE_LOADER = "$(TEST_HOST)";
				CODE_SIGN_STYLE = Automatic;
				INFOPLIST_FILE = TipCalculatorTests/Info.plist;
				LD_RUNPATH_SEARCH_PATHS = (
					"$(inherited)",
					"@executable_path/Frameworks",
					"@loader_path/Frameworks",
				);
				PRODUCT_BUNDLE_IDENTIFIER = com.codepath.TipCalculatorTests;
				PRODUCT_NAME = "$(TARGET_NAME)";
				SWIFT_VERSION = 4.2;
				TARGETED_DEVICE_FAMILY = "1,2";
				TEST_HOST = "$(BUILT_PRODUCTS_DIR)/TipCalculator.app/TipCalculator";
			};
			name = Debug;
		};
		7EA0B34721D6E3400008BF38 /* Release */ = {
			isa = XCBuildConfiguration;
			buildSettings = {
				ALWAYS_EMBED_SWIFT_STANDARD_LIBRARIES = YES;
				BUNDLE_LOADER = "$(TEST_HOST)";
				CODE_SIGN_STYLE = Automatic;
				INFOPLIST_FILE = TipCalculatorTests/Info.plist;
				LD_RUNPATH_SEARCH_PATHS = (
					"$(inherited)",
					"@executable_path/Frameworks",
					"@loader_path/Frameworks",
				);
				PRODUCT_BUNDLE_IDENTIFIER = com.codepath.TipCalculatorTests;
				PRODUCT_NAME = "$(TARGET_NAME)";
				SWIFT_VERSION = 4.2;
				TARGETED_DEVICE_FAMILY = "1,2";
				TEST_HOST = "$(BUILT_PRODUCTS_DIR)/TipCalculator.app/TipCalculator";
			};
			name = Release;
		};
		7EA0B34921D6E3400008BF38 /* Debug */ = {
			isa = XCBuildConfiguration;
			buildSettings = {
				ALWAYS_EMBED_SWIFT_STANDARD_LIBRARIES = YES;
				CODE_SIGN_STYLE = Automatic;
				INFOPLIST_FILE = TipCalculatorUITests/Info.plist;
				LD_RUNPATH_SEARCH_PATHS = (
					"$(inherited)",
					"@executable_path/Frameworks",
					"@loader_path/Frameworks",
				);
				PRODUCT_BUNDLE_IDENTIFIER = com.codepath.TipCalculatorUITests;
				PRODUCT_NAME = "$(TARGET_NAME)";
				SWIFT_VERSION = 4.2;
				TARGETED_DEVICE_FAMILY = "1,2";
				TEST_TARGET_NAME = TipCalculator;
			};
			name = Debug;
		};
		7EA0B34A21D6E3400008BF38 /* Release */ = {
			isa = XCBuildConfiguration;
			buildSettings = {
				ALWAYS_EMBED_SWIFT_STANDARD_LIBRARIES = YES;
				CODE_SIGN_STYLE = Automatic;
				INFOPLIST_FILE = TipCalculatorUITests/Info.plist;
				LD_RUNPATH_SEARCH_PATHS = (
					"$(inherited)",
					"@executable_path/Frameworks",
					"@loader_path/Frameworks",
				);
				PRODUCT_BUNDLE_IDENTIFIER = com.codepath.TipCalculatorUITests;
				PRODUCT_NAME = "$(TARGET_NAME)";
				SWIFT_VERSION = 4.2;
				TARGETED_DEVICE_FAMILY = "1,2";
				TEST_TARGET_NAME = TipCalculator;
			};
			name = Release;
		};
/* End XCBuildConfiguration section */

/* Begin XCConfigurationList section */
		7EA0B31521D6E33F0008BF38 /* Build configuration list for PBXProject "TipCalculator" */ = {
			isa = XCConfigurationList;
			buildConfigurations = (
				7EA0B34021D6E3400008BF38 /* Debug */,
				7EA0B34121D6E3400008BF38 /* Release */,
			);
			defaultConfigurationIsVisible = 0;
			defaultConfigurationName = Release;
		};
		7EA0B34221D6E3400008BF38 /* Build configuration list for PBXNativeTarget "TipCalculator" */ = {
			isa = XCConfigurationList;
			buildConfigurations = (
				7EA0B34321D6E3400008BF38 /* Debug */,
				7EA0B34421D6E3400008BF38 /* Release */,
			);
			defaultConfigurationIsVisible = 0;
			defaultConfigurationName = Release;
		};
		7EA0B34521D6E3400008BF38 /* Build configuration list for PBXNativeTarget "TipCalculatorTests" */ = {
			isa = XCConfigurationList;
			buildConfigurations = (
				7EA0B34621D6E3400008BF38 /* Debug */,
				7EA0B34721D6E3400008BF38 /* Release */,
			);
			defaultConfigurationIsVisible = 0;
			defaultConfigurationName = Release;
		};
		7EA0B34821D6E3400008BF38 /* Build configuration list for PBXNativeTarget "TipCalculatorUITests" */ = {
			isa = XCConfigurationList;
			buildConfigurations = (
				7EA0B34921D6E3400008BF38 /* Debug */,
				7EA0B34A21D6E3400008BF38 /* Release */,
			);
			defaultConfigurationIsVisible = 0;
			defaultConfigurationName = Release;
		};
/* End XCConfigurationList section */
	};
	rootObject = 7EA0B31221D6E33F0008BF38 /* Project object */;
}
